
Microsoft Visual Studio Solution File, Format Version 12.00
# Visual Studio Version 17
VisualStudioVersion = 17.14.36408.4 d17.14
MinimumVisualStudioVersion = 10.0.40219.1
Project("{FAE04EC0-301F-11D3-BF4B-00C04F79EFBC}") = "todosomethinglarger", "todosomethinglarger.csproj", "{A03B38AB-9C60-4ADC-9801-9E156C27C4B5}"
EndProject
Global
	GlobalSection(SolutionConfigurationPlatforms) = preSolution
		Debug|Any CPU = Debug|Any CPU
		Release|Any CPU = Release|Any CPU
	EndGlobalSection
	GlobalSection(ProjectConfigurationPlatforms) = postSolution
		{A03B38AB-9C60-4ADC-9801-9E156C27C4B5}.Debug|Any CPU.ActiveCfg = Debug|Any CPU
		{A03B38AB-9C60-4ADC-9801-9E156C27C4B5}.Debug|Any CPU.Build.0 = Debug|Any CPU
		{A03B38AB-9C60-4ADC-9801-9E156C27C4B5}.Release|Any CPU.ActiveCfg = Release|Any CPU
		{A03B38AB-9C60-4ADC-9801-9E156C27C4B5}.Release|Any CPU.Build.0 = Release|Any CPU
	EndGlobalSection
	GlobalSection(SolutionProperties) = preSolution
		HideSolutionNode = FALSE
	EndGlobalSection
	GlobalSection(ExtensibilityGlobals) = postSolution
		SolutionGuid = {F0129C75-F0FE-4CAF-9481-7D96190255EB}
	EndGlobalSection
EndGlobal
